
Microsoft Visual Studio Solution File, Format Version 12.00
# Visual Studio Version 17
VisualStudioVersion = 17.11.35327.3
MinimumVisualStudioVersion = 10.0.40219.1
Project("{9A19103F-16F7-4668-BE54-9A1E7A4F7556}") = "WFInicial", "WFInicial\WFInicial.csproj", "{01090F09-EACA-4828-A557-81A32E9E56C5}"
EndProject
Project("{9A19103F-16F7-4668-BE54-9A1E7A4F7556}") = "CEx1", "Console_Revisao_Aula\CEx1.csproj", "{7D2053A6-5B48-47A3-8A53-9954728F6D04}"
EndProject
Project("{FAE04EC0-301F-11D3-BF4B-00C04F79EFBC}") = "CEx2", "CEx2\CEx2.csproj", "{99D665E8-9078-4A8C-9446-C34AFF37451C}"
EndProject
Global
	GlobalSection(SolutionConfigurationPlatforms) = preSolution
		Debug|Any CPU = Debug|Any CPU
		Release|Any CPU = Release|Any CPU
	EndGlobalSection
	GlobalSection(ProjectConfigurationPlatforms) = postSolution
		{01090F09-EACA-4828-A557-81A32E9E56C5}.Debug|Any CPU.ActiveCfg = Debug|Any CPU
		{01090F09-EACA-4828-A557-81A32E9E56C5}.Debug|Any CPU.Build.0 = Debug|Any CPU
		{01090F09-EACA-4828-A557-81A32E9E56C5}.Release|Any CPU.ActiveCfg = Release|Any CPU
		{01090F09-EACA-4828-A557-81A32E9E56C5}.Release|Any CPU.Build.0 = Release|Any CPU
		{7D2053A6-5B48-47A3-8A53-9954728F6D04}.Debug|Any CPU.ActiveCfg = Debug|Any CPU
		{7D2053A6-5B48-47A3-8A53-9954728F6D04}.Debug|Any CPU.Build.0 = Debug|Any CPU
		{7D2053A6-5B48-47A3-8A53-9954728F6D04}.Release|Any CPU.ActiveCfg = Release|Any CPU
		{7D2053A6-5B48-47A3-8A53-9954728F6D04}.Release|Any CPU.Build.0 = Release|Any CPU
		{99D665E8-9078-4A8C-9446-C34AFF37451C}.Debug|Any CPU.ActiveCfg = Debug|Any CPU
		{99D665E8-9078-4A8C-9446-C34AFF37451C}.Debug|Any CPU.Build.0 = Debug|Any CPU
		{99D665E8-9078-4A8C-9446-C34AFF37451C}.Release|Any CPU.ActiveCfg = Release|Any CPU
		{99D665E8-9078-4A8C-9446-C34AFF37451C}.Release|Any CPU.Build.0 = Release|Any CPU
	EndGlobalSection
	GlobalSection(SolutionProperties) = preSolution
		HideSolutionNode = FALSE
	EndGlobalSection
	GlobalSection(ExtensibilityGlobals) = postSolution
		SolutionGuid = {5BADB887-CEA2-47C3-A8BE-91624277F970}
	EndGlobalSection
EndGlobal
